
Microsoft Visual Studio Solution File, Format Version 12.00
# Visual Studio Version 17
VisualStudioVersion = 17.10.34804.81
MinimumVisualStudioVersion = 10.0.40219.1
Project("{FAE04EC0-301F-11D3-BF4B-00C04F79EFBC}") = "QuickStartApp", "web\QuickStartApp.csproj", "{FFE734C8-D814-4723-8693-045B75B7C0B2}"
EndProject
Global
	GlobalSection(SolutionConfigurationPlatforms) = preSolution
		Debug|Any CPU = Debug|Any CPU
		Release|Any CPU = Release|Any CPU
	EndGlobalSection
	GlobalSection(ProjectConfigurationPlatforms) = postSolution
		{FFE734C8-D814-4723-8693-045B75B7C0B2}.Debug|Any CPU.ActiveCfg = Debug|Any CPU
		{FFE734C8-D814-4723-8693-045B75B7C0B2}.Debug|Any CPU.Build.0 = Debug|Any CPU
		{FFE734C8-D814-4723-8693-045B75B7C0B2}.Release|Any CPU.ActiveCfg = Release|Any CPU
		{FFE734C8-D814-4723-8693-045B75B7C0B2}.Release|Any CPU.Build.0 = Release|Any CPU
	EndGlobalSection
	GlobalSection(SolutionProperties) = preSolution
		HideSolutionNode = FALSE
	EndGlobalSection
	GlobalSection(ExtensibilityGlobals) = postSolution
		SolutionGuid = {2A521D53-827F-4881-B736-FBB0F0538E5D}
	EndGlobalSection
EndGlobal
